// !$*UTF8*$!
{
	archiveVersion = 1;
	classes = {
	};
	objectVersion = 46;
	objects = {

/* Begin PBXBuildFile section */
		6A4EFB0587B76AFD29633CEF /* Pods_NSITApp.framework in Frameworks */ = {isa = PBXBuildFile; fileRef = 0A5EA4418D6040E0696DB1E1 /* Pods_NSITApp.framework */; };
		BE3AAA3A1F013CAE0091C7CC /* SubjectsTableViewCell.swift in Sources */ = {isa = PBXBuildFile; fileRef = BE3AAA391F013CAE0091C7CC /* SubjectsTableViewCell.swift */; };
		BE3AAA3E1F014E740091C7CC /* ShowSyllabusViewController.swift in Sources */ = {isa = PBXBuildFile; fileRef = BE3AAA3D1F014E740091C7CC /* ShowSyllabusViewController.swift */; };
		BE5012301EFB81F100D74D9D /* AppDelegate.swift in Sources */ = {isa = PBXBuildFile; fileRef = BE50122F1EFB81F100D74D9D /* AppDelegate.swift */; };
		BE5012321EFB81F100D74D9D /* HomeViewController.swift in Sources */ = {isa = PBXBuildFile; fileRef = BE5012311EFB81F100D74D9D /* HomeViewController.swift */; };
		BE5012351EFB81F100D74D9D /* Main.storyboard in Resources */ = {isa = PBXBuildFile; fileRef = BE5012331EFB81F100D74D9D /* Main.storyboard */; };
		BE5012371EFB81F100D74D9D /* Assets.xcassets in Resources */ = {isa = PBXBuildFile; fileRef = BE5012361EFB81F100D74D9D /* Assets.xcassets */; };
		BE50123A1EFB81F100D74D9D /* LaunchScreen.storyboard in Resources */ = {isa = PBXBuildFile; fileRef = BE5012381EFB81F100D74D9D /* LaunchScreen.storyboard */; };
		BE960B2D1EFBE9820058414C /* TTViewController.swift in Sources */ = {isa = PBXBuildFile; fileRef = BE960B2C1EFBE9820058414C /* TTViewController.swift */; };
		BEA78DB81EFB99E500A829D0 /* SWRevealViewController.m in Sources */ = {isa = PBXBuildFile; fileRef = BEA78DB71EFB99E500A829D0 /* SWRevealViewController.m */; };
		BEA78DBA1EFBE63700A829D0 /* menuViewController.swift in Sources */ = {isa = PBXBuildFile; fileRef = BEA78DB91EFBE63700A829D0 /* menuViewController.swift */; };
		BEA78DBC1EFBE66F00A829D0 /* MenuTableViewCell.swift in Sources */ = {isa = PBXBuildFile; fileRef = BEA78DBB1EFBE66F00A829D0 /* MenuTableViewCell.swift */; };
		BEABD3E81EFD904F00F4AE2D /* SignUpViewController.swift in Sources */ = {isa = PBXBuildFile; fileRef = BEABD3E71EFD904F00F4AE2D /* SignUpViewController.swift */; };
		BEABD3EA1EFD905E00F4AE2D /* SignInViewController.swift in Sources */ = {isa = PBXBuildFile; fileRef = BEABD3E91EFD905E00F4AE2D /* SignInViewController.swift */; };
		BEC91DF71EFCD5320033181F /* SyllabusViewController.swift in Sources */ = {isa = PBXBuildFile; fileRef = BEC91DF61EFCD5320033181F /* SyllabusViewController.swift */; };
		BEC91DF91EFCE39B0033181F /* GoogleService-Info.plist in Resources */ = {isa = PBXBuildFile; fileRef = BEC91DF81EFCE39B0033181F /* GoogleService-Info.plist */; };
/* End PBXBuildFile section */

/* Begin PBXFileReference section */
		0A5EA4418D6040E0696DB1E1 /* Pods_NSITApp.framework */ = {isa = PBXFileReference; explicitFileType = wrapper.framework; includeInIndex = 0; path = Pods_NSITApp.framework; sourceTree = BUILT_PRODUCTS_DIR; };
		BE3AAA391F013CAE0091C7CC /* SubjectsTableViewCell.swift */ = {isa = PBXFileReference; fileEncoding = 4; lastKnownFileType = sourcecode.swift; path = SubjectsTableViewCell.swift; sourceTree = "<group>"; };
		BE3AAA3D1F014E740091C7CC /* ShowSyllabusViewController.swift */ = {isa = PBXFileReference; fileEncoding = 4; lastKnownFileType = sourcecode.swift; path = ShowSyllabusViewController.swift; sourceTree = "<group>"; };
		BE50122C1EFB81F100D74D9D /* NSITApp.app */ = {isa = PBXFileReference; explicitFileType = wrapper.application; includeInIndex = 0; path = NSITApp.app; sourceTree = BUILT_PRODUCTS_DIR; };
		BE50122F1EFB81F100D74D9D /* AppDelegate.swift */ = {isa = PBXFileReference; lastKnownFileType = sourcecode.swift; path = AppDelegate.swift; sourceTree = "<group>"; };
		BE5012311EFB81F100D74D9D /* HomeViewController.swift */ = {isa = PBXFileReference; lastKnownFileType = sourcecode.swift; path = HomeViewController.swift; sourceTree = "<group>"; };
		BE5012341EFB81F100D74D9D /* Base */ = {isa = PBXFileReference; lastKnownFileType = file.storyboard; name = Base; path = Base.lproj/Main.storyboard; sourceTree = "<group>"; };
		BE5012361EFB81F100D74D9D /* Assets.xcassets */ = {isa = PBXFileReference; lastKnownFileType = folder.assetcatalog; path = Assets.xcassets; sourceTree = "<group>"; };
		BE5012391EFB81F100D74D9D /* Base */ = {isa = PBXFileReference; lastKnownFileType = file.storyboard; name = Base; path = Base.lproj/LaunchScreen.storyboard; sourceTree = "<group>"; };
		BE50123B1EFB81F100D74D9D /* Info.plist */ = {isa = PBXFileReference; lastKnownFileType = text.plist.xml; path = Info.plist; sourceTree = "<group>"; };
		BE8F9282D62FE246CA6519B2 /* Pods-NSITApp.debug.xcconfig */ = {isa = PBXFileReference; includeInIndex = 1; lastKnownFileType = text.xcconfig; name = "Pods-NSITApp.debug.xcconfig"; path = "Pods/Target Support Files/Pods-NSITApp/Pods-NSITApp.debug.xcconfig"; sourceTree = "<group>"; };
		BE960B2C1EFBE9820058414C /* TTViewController.swift */ = {isa = PBXFileReference; fileEncoding = 4; lastKnownFileType = sourcecode.swift; path = TTViewController.swift; sourceTree = "<group>"; };
		BEA78DB51EFB99E400A829D0 /* NSITApp-Bridging-Header.h */ = {isa = PBXFileReference; lastKnownFileType = sourcecode.c.h; path = "NSITApp-Bridging-Header.h"; sourceTree = "<group>"; };
		BEA78DB61EFB99E500A829D0 /* SWRevealViewController.h */ = {isa = PBXFileReference; fileEncoding = 4; lastKnownFileType = sourcecode.c.h; path = SWRevealViewController.h; sourceTree = "<group>"; };
		BEA78DB71EFB99E500A829D0 /* SWRevealViewController.m */ = {isa = PBXFileReference; fileEncoding = 4; lastKnownFileType = sourcecode.c.objc; path = SWRevealViewController.m; sourceTree = "<group>"; };
		BEA78DB91EFBE63700A829D0 /* menuViewController.swift */ = {isa = PBXFileReference; fileEncoding = 4; lastKnownFileType = sourcecode.swift; path = menuViewController.swift; sourceTree = "<group>"; };
		BEA78DBB1EFBE66F00A829D0 /* MenuTableViewCell.swift */ = {isa = PBXFileReference; fileEncoding = 4; lastKnownFileType = sourcecode.swift; path = MenuTableViewCell.swift; sourceTree = "<group>"; };
		BEABD3E71EFD904F00F4AE2D /* SignUpViewController.swift */ = {isa = PBXFileReference; fileEncoding = 4; lastKnownFileType = sourcecode.swift; path = SignUpViewController.swift; sourceTree = "<group>"; };
		BEABD3E91EFD905E00F4AE2D /* SignInViewController.swift */ = {isa = PBXFileReference; fileEncoding = 4; lastKnownFileType = sourcecode.swift; path = SignInViewController.swift; sourceTree = "<group>"; };
		BEC91DF61EFCD5320033181F /* SyllabusViewController.swift */ = {isa = PBXFileReference; fileEncoding = 4; lastKnownFileType = sourcecode.swift; path = SyllabusViewController.swift; sourceTree = "<group>"; };
		BEC91DF81EFCE39B0033181F /* GoogleService-Info.plist */ = {isa = PBXFileReference; fileEncoding = 4; lastKnownFileType = text.plist.xml; path = "GoogleService-Info.plist"; sourceTree = "<group>"; };
		E554394F35ED357868E40BC1 /* Pods-NSITApp.release.xcconfig */ = {isa = PBXFileReference; includeInIndex = 1; lastKnownFileType = text.xcconfig; name = "Pods-NSITApp.release.xcconfig"; path = "Pods/Target Support Files/Pods-NSITApp/Pods-NSITApp.release.xcconfig"; sourceTree = "<group>"; };
/* End PBXFileReference section */

/* Begin PBXFrameworksBuildPhase section */
		BE5012291EFB81F100D74D9D /* Frameworks */ = {
			isa = PBXFrameworksBuildPhase;
			buildActionMask = 2147483647;
			files = (
				6A4EFB0587B76AFD29633CEF /* Pods_NSITApp.framework in Frameworks */,
			);
			runOnlyForDeploymentPostprocessing = 0;
		};
/* End PBXFrameworksBuildPhase section */

/* Begin PBXGroup section */
		0FA6DD2AE8F31A84B29428D9 /* Pods */ = {
			isa = PBXGroup;
			children = (
				BE8F9282D62FE246CA6519B2 /* Pods-NSITApp.debug.xcconfig */,
				E554394F35ED357868E40BC1 /* Pods-NSITApp.release.xcconfig */,
			);
			name = Pods;
			sourceTree = "<group>";
		};
		BE3AAA351F0136B60091C7CC /* Classes */ = {
			isa = PBXGroup;
			children = (
				BEA78DBB1EFBE66F00A829D0 /* MenuTableViewCell.swift */,
				BE3AAA391F013CAE0091C7CC /* SubjectsTableViewCell.swift */,
			);
			name = Classes;
			sourceTree = "<group>";
		};
		BE3AAA361F0136C30091C7CC /* View Controllers */ = {
			isa = PBXGroup;
			children = (
				BEA78DB91EFBE63700A829D0 /* menuViewController.swift */,
				BE3AAA3D1F014E740091C7CC /* ShowSyllabusViewController.swift */,
				BE5012311EFB81F100D74D9D /* HomeViewController.swift */,
				BEC91DF61EFCD5320033181F /* SyllabusViewController.swift */,
				BE960B2C1EFBE9820058414C /* TTViewController.swift */,
			);
			name = "View Controllers";
			sourceTree = "<group>";
		};
		BE3AAA3B1F014B450091C7CC /* Extras */ = {
			isa = PBXGroup;
			children = (
				BEA78DB61EFB99E500A829D0 /* SWRevealViewController.h */,
				BEA78DB71EFB99E500A829D0 /* SWRevealViewController.m */,
				BE5012361EFB81F100D74D9D /* Assets.xcassets */,
				BE50122F1EFB81F100D74D9D /* AppDelegate.swift */,
				BE50123B1EFB81F100D74D9D /* Info.plist */,
				BEC91DF81EFCE39B0033181F /* GoogleService-Info.plist */,
				BEA78DB51EFB99E400A829D0 /* NSITApp-Bridging-Header.h */,
			);
			name = Extras;
			sourceTree = "<group>";
		};
		BE3AAA3C1F014B5B0091C7CC /* Storyboards */ = {
			isa = PBXGroup;
			children = (
				BE5012331EFB81F100D74D9D /* Main.storyboard */,
				BE5012381EFB81F100D74D9D /* LaunchScreen.storyboard */,
			);
			name = Storyboards;
			sourceTree = "<group>";
		};
		BE5012231EFB81F100D74D9D = {
			isa = PBXGroup;
			children = (
				BE50122E1EFB81F100D74D9D /* NSITApp */,
				BE50122D1EFB81F100D74D9D /* Products */,
				0FA6DD2AE8F31A84B29428D9 /* Pods */,
				C99321C5D04B6DE7D87404F5 /* Frameworks */,
			);
			sourceTree = "<group>";
		};
		BE50122D1EFB81F100D74D9D /* Products */ = {
			isa = PBXGroup;
			children = (
				BE50122C1EFB81F100D74D9D /* NSITApp.app */,
			);
			name = Products;
			sourceTree = "<group>";
		};
		BE50122E1EFB81F100D74D9D /* NSITApp */ = {
			isa = PBXGroup;
			children = (
				BE3AAA3C1F014B5B0091C7CC /* Storyboards */,
				BEABD3EB1EFD93C600F4AE2D /* Welcome Views */,
				BE3AAA361F0136C30091C7CC /* View Controllers */,
				BE3AAA351F0136B60091C7CC /* Classes */,
				BE3AAA3B1F014B450091C7CC /* Extras */,
			);
			path = NSITApp;
			sourceTree = "<group>";
		};
		BEABD3EB1EFD93C600F4AE2D /* Welcome Views */ = {
			isa = PBXGroup;
			children = (
				BEABD3E71EFD904F00F4AE2D /* SignUpViewController.swift */,
				BEABD3E91EFD905E00F4AE2D /* SignInViewController.swift */,
			);
			name = "Welcome Views";
			sourceTree = "<group>";
		};
		C99321C5D04B6DE7D87404F5 /* Frameworks */ = {
			isa = PBXGroup;
			children = (
				0A5EA4418D6040E0696DB1E1 /* Pods_NSITApp.framework */,
			);
			name = Frameworks;
			sourceTree = "<group>";
		};
/* End PBXGroup section */

/* Begin PBXNativeTarget section */
		BE50122B1EFB81F100D74D9D /* NSITApp */ = {
			isa = PBXNativeTarget;
			buildConfigurationList = BE50123E1EFB81F100D74D9D /* Build configuration list for PBXNativeTarget "NSITApp" */;
			buildPhases = (
				4810421BF1DCB40D99C07D3A /* [CP] Check Pods Manifest.lock */,
				BE5012281EFB81F100D74D9D /* Sources */,
				BE5012291EFB81F100D74D9D /* Frameworks */,
				BE50122A1EFB81F100D74D9D /* Resources */,
				E2E351B2275229602DF30581 /* [CP] Embed Pods Frameworks */,
				989E92FB4BE1520BF97D897D /* [CP] Copy Pods Resources */,
			);
			buildRules = (
			);
			dependencies = (
			);
			name = NSITApp;
			productName = NSITApp;
			productReference = BE50122C1EFB81F100D74D9D /* NSITApp.app */;
			productType = "com.apple.product-type.application";
		};
/* End PBXNativeTarget section */

/* Begin PBXProject section */
		BE5012241EFB81F100D74D9D /* Project object */ = {
			isa = PBXProject;
			attributes = {
				LastSwiftUpdateCheck = 0830;
				LastUpgradeCheck = 0830;
				ORGANIZATIONNAME = "Manan Manwani";
				TargetAttributes = {
					BE50122B1EFB81F100D74D9D = {
						CreatedOnToolsVersion = 8.3.2;
						DevelopmentTeam = NANR8495YC;
						LastSwiftMigration = 0830;
						ProvisioningStyle = Automatic;
					};
				};
			};
			buildConfigurationList = BE5012271EFB81F100D74D9D /* Build configuration list for PBXProject "NSITApp" */;
			compatibilityVersion = "Xcode 3.2";
			developmentRegion = English;
			hasScannedForEncodings = 0;
			knownRegions = (
				en,
				Base,
			);
			mainGroup = BE5012231EFB81F100D74D9D;
			productRefGroup = BE50122D1EFB81F100D74D9D /* Products */;
			projectDirPath = "";
			projectRoot = "";
			targets = (
				BE50122B1EFB81F100D74D9D /* NSITApp */,
			);
		};
/* End PBXProject section */

/* Begin PBXResourcesBuildPhase section */
		BE50122A1EFB81F100D74D9D /* Resources */ = {
			isa = PBXResourcesBuildPhase;
			buildActionMask = 2147483647;
			files = (
				BE50123A1EFB81F100D74D9D /* LaunchScreen.storyboard in Resources */,
				BEC91DF91EFCE39B0033181F /* GoogleService-Info.plist in Resources */,
				BE5012371EFB81F100D74D9D /* Assets.xcassets in Resources */,
				BE5012351EFB81F100D74D9D /* Main.storyboard in Resources */,
			);
			runOnlyForDeploymentPostprocessing = 0;
		};
/* End PBXResourcesBuildPhase section */

/* Begin PBXShellScriptBuildPhase section */
		4810421BF1DCB40D99C07D3A /* [CP] Check Pods Manifest.lock */ = {
			isa = PBXShellScriptBuildPhase;
			buildActionMask = 2147483647;
			files = (
			);
			inputPaths = (
			);
			name = "[CP] Check Pods Manifest.lock";
			outputPaths = (
			);
			runOnlyForDeploymentPostprocessing = 0;
			shellPath = /bin/sh;
			shellScript = "diff \"${PODS_PODFILE_DIR_PATH}/Podfile.lock\" \"${PODS_ROOT}/Manifest.lock\" > /dev/null\nif [ $? != 0 ] ; then\n    # print error to STDERR\n    echo \"error: The sandbox is not in sync with the Podfile.lock. Run 'pod install' or update your CocoaPods installation.\" >&2\n    exit 1\nfi\n";
			showEnvVarsInLog = 0;
		};
		989E92FB4BE1520BF97D897D /* [CP] Copy Pods Resources */ = {
			isa = PBXShellScriptBuildPhase;
			buildActionMask = 2147483647;
			files = (
			);
			inputPaths = (
			);
			name = "[CP] Copy Pods Resources";
			outputPaths = (
			);
			runOnlyForDeploymentPostprocessing = 0;
			shellPath = /bin/sh;
			shellScript = "\"${SRCROOT}/Pods/Target Support Files/Pods-NSITApp/Pods-NSITApp-resources.sh\"\n";
			showEnvVarsInLog = 0;
		};
		E2E351B2275229602DF30581 /* [CP] Embed Pods Frameworks */ = {
			isa = PBXShellScriptBuildPhase;
			buildActionMask = 2147483647;
			files = (
			);
			inputPaths = (
			);
			name = "[CP] Embed Pods Frameworks";
			outputPaths = (
			);
			runOnlyForDeploymentPostprocessing = 0;
			shellPath = /bin/sh;
			shellScript = "\"${SRCROOT}/Pods/Target Support Files/Pods-NSITApp/Pods-NSITApp-frameworks.sh\"\n";
			showEnvVarsInLog = 0;
		};
/* End PBXShellScriptBuildPhase section */

/* Begin PBXSourcesBuildPhase section */
		BE5012281EFB81F100D74D9D /* Sources */ = {
			isa = PBXSourcesBuildPhase;
			buildActionMask = 2147483647;
			files = (
				BE3AAA3A1F013CAE0091C7CC /* SubjectsTableViewCell.swift in Sources */,
				BE5012321EFB81F100D74D9D /* HomeViewController.swift in Sources */,
				BEC91DF71EFCD5320033181F /* SyllabusViewController.swift in Sources */,
				BEABD3E81EFD904F00F4AE2D /* SignUpViewController.swift in Sources */,
				BE5012301EFB81F100D74D9D /* AppDelegate.swift in Sources */,
				BEA78DB81EFB99E500A829D0 /* SWRevealViewController.m in Sources */,
				BEABD3EA1EFD905E00F4AE2D /* SignInViewController.swift in Sources */,
				BEA78DBA1EFBE63700A829D0 /* menuViewController.swift in Sources */,
				BE3AAA3E1F014E740091C7CC /* ShowSyllabusViewController.swift in Sources */,
				BE960B2D1EFBE9820058414C /* TTViewController.swift in Sources */,
				BEA78DBC1EFBE66F00A829D0 /* MenuTableViewCell.swift in Sources */,
			);
			runOnlyForDeploymentPostprocessing = 0;
		};
/* End PBXSourcesBuildPhase section */

/* Begin PBXVariantGroup section */
		BE5012331EFB81F100D74D9D /* Main.storyboard */ = {
			isa = PBXVariantGroup;
			children = (
				BE5012341EFB81F100D74D9D /* Base */,
			);
			name = Main.storyboard;
			sourceTree = "<group>";
		};
		BE5012381EFB81F100D74D9D /* LaunchScreen.storyboard */ = {
			isa = PBXVariantGroup;
			children = (
				BE5012391EFB81F100D74D9D /* Base */,
			);
			name = LaunchScreen.storyboard;
			sourceTree = "<group>";
		};
/* End PBXVariantGroup section */

/* Begin XCBuildConfiguration section */
		BE50123C1EFB81F100D74D9D /* Debug */ = {
			isa = XCBuildConfiguration;
			buildSettings = {
				ALWAYS_SEARCH_USER_PATHS = NO;
				CLANG_ANALYZER_NONNULL = YES;
				CLANG_ANALYZER_NUMBER_OBJECT_CONVERSION = YES_AGGRESSIVE;
				CLANG_CXX_LANGUAGE_STANDARD = "gnu++0x";
				CLANG_CXX_LIBRARY = "libc++";
				CLANG_ENABLE_MODULES = YES;
				CLANG_ENABLE_OBJC_ARC = YES;
				CLANG_WARN_BOOL_CONVERSION = YES;
				CLANG_WARN_CONSTANT_CONVERSION = YES;
				CLANG_WARN_DIRECT_OBJC_ISA_USAGE = YES_ERROR;
				CLANG_WARN_DOCUMENTATION_COMMENTS = YES;
				CLANG_WARN_EMPTY_BODY = YES;
				CLANG_WARN_ENUM_CONVERSION = YES;
				CLANG_WARN_INFINITE_RECURSION = YES;
				CLANG_WARN_INT_CONVERSION = YES;
				CLANG_WARN_OBJC_ROOT_CLASS = YES_ERROR;
				CLANG_WARN_SUSPICIOUS_MOVE = YES;
				CLANG_WARN_UNREACHABLE_CODE = YES;
				CLANG_WARN__DUPLICATE_METHOD_MATCH = YES;
				"CODE_SIGN_IDENTITY[sdk=iphoneos*]" = "iPhone Developer";
				COPY_PHASE_STRIP = NO;
				DEBUG_INFORMATION_FORMAT = dwarf;
				ENABLE_STRICT_OBJC_MSGSEND = YES;
				ENABLE_TESTABILITY = YES;
				GCC_C_LANGUAGE_STANDARD = gnu99;
				GCC_DYNAMIC_NO_PIC = NO;
				GCC_NO_COMMON_BLOCKS = YES;
				GCC_OPTIMIZATION_LEVEL = 0;
				GCC_PREPROCESSOR_DEFINITIONS = (
					"DEBUG=1",
					"$(inherited)",
				);
				GCC_WARN_64_TO_32_BIT_CONVERSION = YES;
				GCC_WARN_ABOUT_RETURN_TYPE = YES_ERROR;
				GCC_WARN_UNDECLARED_SELECTOR = YES;
				GCC_WARN_UNINITIALIZED_AUTOS = YES_AGGRESSIVE;
				GCC_WARN_UNUSED_FUNCTION = YES;
				GCC_WARN_UNUSED_VARIABLE = YES;
				IPHONEOS_DEPLOYMENT_TARGET = 10.3;
				MTL_ENABLE_DEBUG_INFO = YES;
				ONLY_ACTIVE_ARCH = YES;
				SDKROOT = iphoneos;
				SWIFT_ACTIVE_COMPILATION_CONDITIONS = DEBUG;
				SWIFT_OPTIMIZATION_LEVEL = "-Onone";
				TARGETED_DEVICE_FAMILY = "1,2";
			};
			name = Debug;
		};
		BE50123D1EFB81F100D74D9D /* Release */ = {
			isa = XCBuildConfiguration;
			buildSettings = {
				ALWAYS_SEARCH_USER_PATHS = NO;
				CLANG_ANALYZER_NONNULL = YES;
				CLANG_ANALYZER_NUMBER_OBJECT_CONVERSION = YES_AGGRESSIVE;
				CLANG_CXX_LANGUAGE_STANDARD = "gnu++0x";
				CLANG_CXX_LIBRARY = "libc++";
				CLANG_ENABLE_MODULES = YES;
				CLANG_ENABLE_OBJC_ARC = YES;
				CLANG_WARN_BOOL_CONVERSION = YES;
				CLANG_WARN_CONSTANT_CONVERSION = YES;
				CLANG_WARN_DIRECT_OBJC_ISA_USAGE = YES_ERROR;
				CLANG_WARN_DOCUMENTATION_COMMENTS = YES;
				CLANG_WARN_EMPTY_BODY = YES;
				CLANG_WARN_ENUM_CONVERSION = YES;
				CLANG_WARN_INFINITE_RECURSION = YES;
				CLANG_WARN_INT_CONVERSION = YES;
				CLANG_WARN_OBJC_ROOT_CLASS = YES_ERROR;
				CLANG_WARN_SUSPICIOUS_MOVE = YES;
				CLANG_WARN_UNREACHABLE_CODE = YES;
				CLANG_WARN__DUPLICATE_METHOD_MATCH = YES;
				"CODE_SIGN_IDENTITY[sdk=iphoneos*]" = "iPhone Developer";
				COPY_PHASE_STRIP = NO;
				DEBUG_INFORMATION_FORMAT = "dwarf-with-dsym";
				ENABLE_NS_ASSERTIONS = NO;
				ENABLE_STRICT_OBJC_MSGSEND = YES;
				GCC_C_LANGUAGE_STANDARD = gnu99;
				GCC_NO_COMMON_BLOCKS = YES;
				GCC_WARN_64_TO_32_BIT_CONVERSION = YES;
				GCC_WARN_ABOUT_RETURN_TYPE = YES_ERROR;
				GCC_WARN_UNDECLARED_SELECTOR = YES;
				GCC_WARN_UNINITIALIZED_AUTOS = YES_AGGRESSIVE;
				GCC_WARN_UNUSED_FUNCTION = YES;
				GCC_WARN_UNUSED_VARIABLE = YES;
				IPHONEOS_DEPLOYMENT_TARGET = 10.3;
				MTL_ENABLE_DEBUG_INFO = NO;
				SDKROOT = iphoneos;
				SWIFT_OPTIMIZATION_LEVEL = "-Owholemodule";
				TARGETED_DEVICE_FAMILY = "1,2";
				VALIDATE_PRODUCT = YES;
			};
			name = Release;
		};
		BE50123F1EFB81F100D74D9D /* Debug */ = {
			isa = XCBuildConfiguration;
			baseConfigurationReference = BE8F9282D62FE246CA6519B2 /* Pods-NSITApp.debug.xcconfig */;
			buildSettings = {
				ASSETCATALOG_COMPILER_APPICON_NAME = AppIcon;
				CLANG_ENABLE_MODULES = YES;
				DEVELOPMENT_TEAM = NANR8495YC;
				INFOPLIST_FILE = NSITApp/Info.plist;
				LD_RUNPATH_SEARCH_PATHS = "$(inherited) @executable_path/Frameworks";
				PRODUCT_BUNDLE_IDENTIFIER = "com.Manan-Manwani.NSITApp";
				PRODUCT_NAME = "$(TARGET_NAME)";
				SWIFT_OBJC_BRIDGING_HEADER = "NSITApp/NSITApp-Bridging-Header.h";
				SWIFT_OPTIMIZATION_LEVEL = "-Onone";
				SWIFT_VERSION = 3.0;
			};
			name = Debug;
		};
		BE5012401EFB81F100D74D9D /* Release */ = {
			isa = XCBuildConfiguration;
			baseConfigurationReference = E554394F35ED357868E40BC1 /* Pods-NSITApp.release.xcconfig */;
			buildSettings = {
				ASSETCATALOG_COMPILER_APPICON_NAME = AppIcon;
				CLANG_ENABLE_MODULES = YES;
				DEVELOPMENT_TEAM = NANR8495YC;
				INFOPLIST_FILE = NSITApp/Info.plist;
				LD_RUNPATH_SEARCH_PATHS = "$(inherited) @executable_path/Frameworks";
				PRODUCT_BUNDLE_IDENTIFIER = "com.Manan-Manwani.NSITApp";
				PRODUCT_NAME = "$(TARGET_NAME)";
				SWIFT_OBJC_BRIDGING_HEADER = "NSITApp/NSITApp-Bridging-Header.h";
				SWIFT_VERSION = 3.0;
			};
			name = Release;
		};
/* End XCBuildConfiguration section */

/* Begin XCConfigurationList section */
		BE5012271EFB81F100D74D9D /* Build configuration list for PBXProject "NSITApp" */ = {
			isa = XCConfigurationList;
			buildConfigurations = (
				BE50123C1EFB81F100D74D9D /* Debug */,
				BE50123D1EFB81F100D74D9D /* Release */,
			);
			defaultConfigurationIsVisible = 0;
			defaultConfigurationName = Release;
		};
		BE50123E1EFB81F100D74D9D /* Build configuration list for PBXNativeTarget "NSITApp" */ = {
			isa = XCConfigurationList;
			buildConfigurations = (
				BE50123F1EFB81F100D74D9D /* Debug */,
				BE5012401EFB81F100D74D9D /* Release */,
			);
			defaultConfigurationIsVisible = 0;
			defaultConfigurationName = Release;
		};
/* End XCConfigurationList section */
	};
	rootObject = BE5012241EFB81F100D74D9D /* Project object */;
}
